{
  "lockfileVersion": 1,
  "configVersion": 1,
  "workspaces": {
    "": {
      "dependencies": {
        "@opencode-ai/plugin": "1.3.9",
        "unique-names-generator": "^4.7.1",
      },
    },
  },
  "packages": {
    "@opencode-ai/plugin": ["@opencode-ai/plugin@1.3.9", "", { "dependencies": { "@opencode-ai/sdk": "1.3.9", "zod": "4.1.8" }, "peerDependencies": { "@opentui/core": ">=0.1.92", "@opentui/solid": ">=0.1.92" }, "optionalPeers": ["@opentui/core", "@opentui/solid"] }, "sha512-tG4+APXwpgjx8wf4uiWtj+ju4LDiKwV65JTsy0VxpDy7L16aaxB8gXGXxIXvTE+1oFBe8PK81R/ECGegj9l4sA=="],

    "@opencode-ai/sdk": ["@opencode-ai/sdk@1.3.9", "", {}, "sha512-SjvGhdtuqYOHbLyUA5KWI7hFXi2dLWhGxnAaNBK4LgWUU3KVEjdGAxDwQAuxDnq/Iv52ppEHfJsZhg+qFLk6ug=="],

    "unique-names-generator": ["unique-names-generator@4.7.1", "", {}, "sha512-lMx9dX+KRmG8sq6gulYYpKWZc9RlGsgBR6aoO8Qsm3qvkSJ+3rAymr+TnV8EDMrIrwuFJ4kruzMWM/OpYzPoow=="],

    "zod": ["zod@4.1.8", "", {}, "sha512-5R1P+WwQqmmMIEACyzSvo4JXHY5WiAFHRMg+zBZKgKS+Q1viRa0C1hmUKtHltoIFKtIdki3pRxkmpP74jnNYHQ=="],
  }
}
